version = 1

[package]
name = "evolving-dob-profile-v1"
version = "1.0.0"
namespace = "dob"
source_hash = "44eae9bf126d7f833bd309f56ca24feb5c00a39e8379ce6915fad41c34fa6608"
compiler_source_hash = "b27b16d94eec47b3fe868a5c5fd62320bb78b91bbf97c7d9eb16418024a6d7a9"

[dependencies]

[package_build]
compiler_version = "0.22.0"
target_profile = "ckb"
artifact_hash = "6230cb1867f0f2af888239f2c2be12ca882b0b2aea221ea0e4a65ce4bebee268"
metadata_hash = "df3d797e3cea6f657d9350a6ac853a3f0b160b4947cde1f33566760a132a7aca"
schema_hash = "5b52a99e494a2f25b4c443be123c986e4df571b7a6013450586cbdb7a721adbf"
cell_data_codec_manifest_hash = "3a0d8795c09edc7759b1ba399d8540214bdd3f2522519f8d935e4bf9fb5235d2"
abi_hash = "5c2231cfc6f95bb42146d145cae7638ce9edba94d490105b52ea9835c5e9078d"
constraints_hash = "887c1d87e8153974b5c19f0d5f1a10407c82912238fb8273a29d01bee3de9c8b"

[deployment.devnet]
record = "0xc80629c6ad4b945f74aeeff65c6c5562eb0f3f21b26cbc115a474dab7fac8cf1:0"
record_hash = "acbdf308d51ff34a16d6d9f1f5fc29054c2846a88242045d9468e6f470e52c09"
code_hash = "0x6230cb1867f0f2af888239f2c2be12ca882b0b2aea221ea0e4a65ce4bebee268"
out_point = "0xc80629c6ad4b945f74aeeff65c6c5562eb0f3f21b26cbc115a474dab7fac8cf1:0"
data_hash = "0x6230cb1867f0f2af888239f2c2be12ca882b0b2aea221ea0e4a65ce4bebee268"
